# This file was autogenerated by Stack.
# You should not edit this file by hand.
# For more information, please see the documentation at:
#   https://docs.haskellstack.org/en/stable/lock_files

packages:
- completed:
    cabal-file:
      size: 1041
      sha256: 2ee57ce210a20e052d2dca2c78527079b848552db180378d850ac4e6f8156866
    name: verilog
    version: 0.1.0
    git: https://github.com/marlls1989/verilog.git
    pantry-tree:
      size: 863
      sha256: d72f2fb45072dcc82a2da40ff55c12a2ff959935c6446182665195f4a12f30a4
    commit: 1bd8de6c1b1c5600dd2c1f72d3295aa79da58e63
  original:
    git: https://github.com/marlls1989/verilog.git
    commit: 1bd8de6c1b1c5600dd2c1f72d3295aa79da58e63
- completed:
    cabal-file:
      size: 2582
      sha256: e70c66ece7ab22ea30ce6e8663e4e7de15befe82e87e69e0cc71330016e63de7
    name: glpk-hs
    version: 0.6.1
    git: https://github.com/marlls1989/glpk-hs.git
    pantry-tree:
      size: 1609
      sha256: 62f9769cef79828a57e6df36e6ca065537ba4738b646f29b397aee27749a35f5
    commit: 3be20e60344c1751629a57dbb45927ee33ee35c9
  original:
    git: https://github.com/marlls1989/glpk-hs.git
    commit: 3be20e60344c1751629a57dbb45927ee33ee35c9
- completed:
    cabal-file:
      size: 676
      sha256: 7369d1771cdac318688c40b3d866262caf0e965f47f6c3d41e37e5e79da87a89
    name: gasp
    version: 1.1.1.0
    git: https://github.com/marlls1989/gasp.git
    pantry-tree:
      size: 369
      sha256: 87eaf81d4152a9efaeefbe1cc5581e7165baf0628cebdd872eb91a607ac43699
    commit: c7a9b7ddb0713450bc2a3058f949dfdee85e6e4e
  original:
    git: https://github.com/marlls1989/gasp.git
    commit: c7a9b7ddb0713450bc2a3058f949dfdee85e6e4e
- completed:
    hackage: algebraic-graphs-0.3@sha256:0cc77b36358ee813b7bee94ee64e1d064fcc0cba190ebc9ed899e79cc2e19345,9131
    pantry-tree:
      size: 4042
      sha256: ff66675c6a3ae736131ddda3621b60217433a9f03c40171c274bf1cb10180202
  original:
    hackage: algebraic-graphs-0.3
snapshots:
- completed:
    size: 527836
    url: https://raw.githubusercontent.com/commercialhaskell/stackage-snapshots/master/lts/11/22.yaml
    sha256: 341870ac98d8a9f8f77c4adf2e9e0b22063e264a7fbeb4c85b7af5f380dac60e
  original: lts-11.22
