# This file was autogenerated by Stack.
# You should not edit this file by hand.
# For more information, please see the documentation at:
#   https://docs.haskellstack.org/en/stable/topics/lock_files

packages:
- completed:
    commit: 136fc2b8c9757c124ab53293f584c470e444b180
    git: https://github.com/marlls1989/verilog.git
    name: verilog
    pantry-tree:
      sha256: b179aa6bc5c69e28680bc588521105171635652752056a95755051b1c72593dc
      size: 863
    version: 0.1.0
  original:
    commit: 136fc2b8c9757c124ab53293f584c470e444b180
    git: https://github.com/marlls1989/verilog.git
- completed:
    commit: c7a9b7ddb0713450bc2a3058f949dfdee85e6e4e
    git: https://github.com/marlls1989/gasp.git
    name: gasp
    pantry-tree:
      sha256: 87eaf81d4152a9efaeefbe1cc5581e7165baf0628cebdd872eb91a607ac43699
      size: 369
    version: 1.1.1.0
  original:
    commit: c7a9b7ddb0713450bc2a3058f949dfdee85e6e4e
    git: https://github.com/marlls1989/gasp.git
snapshots:
- completed:
    sha256: 87da71cb0ae9ee1ea1bf51a8eb9812f39f779be76abc0a3c926defd8afda05d1
    size: 719139
    url: https://raw.githubusercontent.com/commercialhaskell/stackage-snapshots/master/lts/22/28.yaml
  original: lts-22.28
